
Microsoft Visual Studio Solution File, Format Version 12.00
# Visual Studio Version 17
VisualStudioVersion = 17.11.35312.102
MinimumVisualStudioVersion = 10.0.40219.1
Project("{FAE04EC0-301F-11D3-BF4B-00C04F79EFBC}") = "ABCs", "ABCs.csproj", "{AA5ECC3F-82EB-449A-8CBC-0DC2C36CDBCE}"
EndProject
Global
	GlobalSection(SolutionConfigurationPlatforms) = preSolution
		Debug|Any CPU = Debug|Any CPU
		Release|Any CPU = Release|Any CPU
	EndGlobalSection
	GlobalSection(ProjectConfigurationPlatforms) = postSolution
		{AA5ECC3F-82EB-449A-8CBC-0DC2C36CDBCE}.Debug|Any CPU.ActiveCfg = Debug|Any CPU
		{AA5ECC3F-82EB-449A-8CBC-0DC2C36CDBCE}.Debug|Any CPU.Build.0 = Debug|Any CPU
		{AA5ECC3F-82EB-449A-8CBC-0DC2C36CDBCE}.Release|Any CPU.ActiveCfg = Release|Any CPU
		{AA5ECC3F-82EB-449A-8CBC-0DC2C36CDBCE}.Release|Any CPU.Build.0 = Release|Any CPU
	EndGlobalSection
	GlobalSection(SolutionProperties) = preSolution
		HideSolutionNode = FALSE
	EndGlobalSection
	GlobalSection(ExtensibilityGlobals) = postSolution
		SolutionGuid = {ECCFCBA6-221C-4B9A-8BCD-F1509F690D66}
	EndGlobalSection
EndGlobal
